// !$*UTF8*$!
{
	archiveVersion = 1;
	classes = {
	};
	objectVersion = 46;
	objects = {

/* Begin PBXBuildFile section */
		5768D56A1DA3AD2100BC13B3 /* main.m in Sources */ = {isa = PBXBuildFile; fileRef = 5768D5691DA3AD2100BC13B3 /* main.m */; };
		5768D56D1DA3AD2100BC13B3 /* AppDelegate.m in Sources */ = {isa = PBXBuildFile; fileRef = 5768D56C1DA3AD2100BC13B3 /* AppDelegate.m */; };
		5768D5731DA3AD2100BC13B3 /* Main.storyboard in Resources */ = {isa = PBXBuildFile; fileRef = 5768D5711DA3AD2100BC13B3 /* Main.storyboard */; };
		5768D5751DA3AD2100BC13B3 /* Assets.xcassets in Resources */ = {isa = PBXBuildFile; fileRef = 5768D5741DA3AD2100BC13B3 /* Assets.xcassets */; };
		5768D5781DA3AD2200BC13B3 /* LaunchScreen.storyboard in Resources */ = {isa = PBXBuildFile; fileRef = 5768D5761DA3AD2200BC13B3 /* LaunchScreen.storyboard */; };
		5768D57F1DA3AF5500BC13B3 /* ZRDMViewController.m in Sources */ = {isa = PBXBuildFile; fileRef = 5768D57E1DA3AF5500BC13B3 /* ZRDMViewController.m */; };
		83548F03462B7E1E156BB38B /* libPods-ZRPopoverView.a in Frameworks */ = {isa = PBXBuildFile; fileRef = A18C8C7C0A6F2949AD6820C2 /* libPods-ZRPopoverView.a */; };
		867C2601447975AEFF4C50A0 /* libPods-ZRPopoverView-ZRPopoverView(Demo).a in Frameworks */ = {isa = PBXBuildFile; fileRef = 9F16623C264BC6B89F621637 /* libPods-ZRPopoverView-ZRPopoverView(Demo).a */; };
		9032C7451D86C90C0067A92D /* main.m in Sources */ = {isa = PBXBuildFile; fileRef = 9032C7441D86C90C0067A92D /* main.m */; };
		9032C7481D86C90C0067A92D /* AppDelegate.m in Sources */ = {isa = PBXBuildFile; fileRef = 9032C7471D86C90C0067A92D /* AppDelegate.m */; };
		9032C74B1D86C90C0067A92D /* ViewController.m in Sources */ = {isa = PBXBuildFile; fileRef = 9032C74A1D86C90C0067A92D /* ViewController.m */; };
		9032C74E1D86C90C0067A92D /* Main.storyboard in Resources */ = {isa = PBXBuildFile; fileRef = 9032C74C1D86C90C0067A92D /* Main.storyboard */; };
		9032C7501D86C90D0067A92D /* Assets.xcassets in Resources */ = {isa = PBXBuildFile; fileRef = 9032C74F1D86C90D0067A92D /* Assets.xcassets */; };
		9032C7531D86C90D0067A92D /* LaunchScreen.storyboard in Resources */ = {isa = PBXBuildFile; fileRef = 9032C7511D86C90D0067A92D /* LaunchScreen.storyboard */; };
		9032C75C1D86C9210067A92D /* ZRPopoverView.m in Sources */ = {isa = PBXBuildFile; fileRef = 9032C75B1D86C9210067A92D /* ZRPopoverView.m */; };
		EABE3979C79377620AE5D1A2 /* libPods-ZRPopoverView(Demo).a in Frameworks */ = {isa = PBXBuildFile; fileRef = 0F6CF67526640F322B5CA838 /* libPods-ZRPopoverView(Demo).a */; };
/* End PBXBuildFile section */

/* Begin PBXFileReference section */
		03992C471AED499039EA80C1 /* Pods-ZRPopoverView(Demo).release.xcconfig */ = {isa = PBXFileReference; includeInIndex = 1; lastKnownFileType = text.xcconfig; name = "Pods-ZRPopoverView(Demo).release.xcconfig"; path = "Pods/Target Support Files/Pods-ZRPopoverView(Demo)/Pods-ZRPopoverView(Demo).release.xcconfig"; sourceTree = "<group>"; };
		0F6CF67526640F322B5CA838 /* libPods-ZRPopoverView(Demo).a */ = {isa = PBXFileReference; explicitFileType = archive.ar; includeInIndex = 0; path = "libPods-ZRPopoverView(Demo).a"; sourceTree = BUILT_PRODUCTS_DIR; };
		326DB6447EA11A0870D0D40A /* Pods-ZRPopoverView.release.xcconfig */ = {isa = PBXFileReference; includeInIndex = 1; lastKnownFileType = text.xcconfig; name = "Pods-ZRPopoverView.release.xcconfig"; path = "Pods/Target Support Files/Pods-ZRPopoverView/Pods-ZRPopoverView.release.xcconfig"; sourceTree = "<group>"; };
		3BF1EB7A590B24141914FB44 /* Pods-ZRPopoverView.debug.xcconfig */ = {isa = PBXFileReference; includeInIndex = 1; lastKnownFileType = text.xcconfig; name = "Pods-ZRPopoverView.debug.xcconfig"; path = "Pods/Target Support Files/Pods-ZRPopoverView/Pods-ZRPopoverView.debug.xcconfig"; sourceTree = "<group>"; };
		5768D5661DA3AD2100BC13B3 /* ZRPopoverView(Demo).app */ = {isa = PBXFileReference; explicitFileType = wrapper.application; includeInIndex = 0; path = "ZRPopoverView(Demo).app"; sourceTree = BUILT_PRODUCTS_DIR; };
		5768D5691DA3AD2100BC13B3 /* main.m */ = {isa = PBXFileReference; lastKnownFileType = sourcecode.c.objc; path = main.m; sourceTree = "<group>"; };
		5768D56B1DA3AD2100BC13B3 /* AppDelegate.h */ = {isa = PBXFileReference; lastKnownFileType = sourcecode.c.h; path = AppDelegate.h; sourceTree = "<group>"; };
		5768D56C1DA3AD2100BC13B3 /* AppDelegate.m */ = {isa = PBXFileReference; lastKnownFileType = sourcecode.c.objc; path = AppDelegate.m; sourceTree = "<group>"; };
		5768D5721DA3AD2100BC13B3 /* Base */ = {isa = PBXFileReference; lastKnownFileType = file.storyboard; name = Base; path = Base.lproj/Main.storyboard; sourceTree = "<group>"; };
		5768D5741DA3AD2100BC13B3 /* Assets.xcassets */ = {isa = PBXFileReference; lastKnownFileType = folder.assetcatalog; path = Assets.xcassets; sourceTree = "<group>"; };
		5768D5771DA3AD2200BC13B3 /* Base */ = {isa = PBXFileReference; lastKnownFileType = file.storyboard; name = Base; path = Base.lproj/LaunchScreen.storyboard; sourceTree = "<group>"; };
		5768D5791DA3AD2200BC13B3 /* Info.plist */ = {isa = PBXFileReference; lastKnownFileType = text.plist.xml; path = Info.plist; sourceTree = "<group>"; };
		5768D57D1DA3AF5500BC13B3 /* ZRDMViewController.h */ = {isa = PBXFileReference; fileEncoding = 4; lastKnownFileType = sourcecode.c.h; path = ZRDMViewController.h; sourceTree = "<group>"; };
		5768D57E1DA3AF5500BC13B3 /* ZRDMViewController.m */ = {isa = PBXFileReference; fileEncoding = 4; lastKnownFileType = sourcecode.c.objc; path = ZRDMViewController.m; sourceTree = "<group>"; };
		9032C7401D86C90C0067A92D /* ZRPopoverView.app */ = {isa = PBXFileReference; explicitFileType = wrapper.application; includeInIndex = 0; path = ZRPopoverView.app; sourceTree = BUILT_PRODUCTS_DIR; };
		9032C7441D86C90C0067A92D /* main.m */ = {isa = PBXFileReference; lastKnownFileType = sourcecode.c.objc; path = main.m; sourceTree = "<group>"; };
		9032C7461D86C90C0067A92D /* AppDelegate.h */ = {isa = PBXFileReference; lastKnownFileType = sourcecode.c.h; path = AppDelegate.h; sourceTree = "<group>"; };
		9032C7471D86C90C0067A92D /* AppDelegate.m */ = {isa = PBXFileReference; lastKnownFileType = sourcecode.c.objc; path = AppDelegate.m; sourceTree = "<group>"; };
		9032C7491D86C90C0067A92D /* ViewController.h */ = {isa = PBXFileReference; lastKnownFileType = sourcecode.c.h; path = ViewController.h; sourceTree = "<group>"; };
		9032C74A1D86C90C0067A92D /* ViewController.m */ = {isa = PBXFileReference; lastKnownFileType = sourcecode.c.objc; path = ViewController.m; sourceTree = "<group>"; };
		9032C74D1D86C90C0067A92D /* Base */ = {isa = PBXFileReference; lastKnownFileType = file.storyboard; name = Base; path = Base.lproj/Main.storyboard; sourceTree = "<group>"; };
		9032C74F1D86C90D0067A92D /* Assets.xcassets */ = {isa = PBXFileReference; lastKnownFileType = folder.assetcatalog; path = Assets.xcassets; sourceTree = "<group>"; };
		9032C7521D86C90D0067A92D /* Base */ = {isa = PBXFileReference; lastKnownFileType = file.storyboard; name = Base; path = Base.lproj/LaunchScreen.storyboard; sourceTree = "<group>"; };
		9032C7541D86C90D0067A92D /* Info.plist */ = {isa = PBXFileReference; lastKnownFileType = text.plist.xml; path = Info.plist; sourceTree = "<group>"; };
		9032C75A1D86C9210067A92D /* ZRPopoverView.h */ = {isa = PBXFileReference; fileEncoding = 4; lastKnownFileType = sourcecode.c.h; path = ZRPopoverView.h; sourceTree = "<group>"; };
		9032C75B1D86C9210067A92D /* ZRPopoverView.m */ = {isa = PBXFileReference; fileEncoding = 4; lastKnownFileType = sourcecode.c.objc; path = ZRPopoverView.m; sourceTree = "<group>"; };
		9F16623C264BC6B89F621637 /* libPods-ZRPopoverView-ZRPopoverView(Demo).a */ = {isa = PBXFileReference; explicitFileType = archive.ar; includeInIndex = 0; path = "libPods-ZRPopoverView-ZRPopoverView(Demo).a"; sourceTree = BUILT_PRODUCTS_DIR; };
		A18C8C7C0A6F2949AD6820C2 /* libPods-ZRPopoverView.a */ = {isa = PBXFileReference; explicitFileType = archive.ar; includeInIndex = 0; path = "libPods-ZRPopoverView.a"; sourceTree = BUILT_PRODUCTS_DIR; };
		BB9B6370B34266A01EE141A9 /* Pods-ZRPopoverView-ZRPopoverView(Demo).debug.xcconfig */ = {isa = PBXFileReference; includeInIndex = 1; lastKnownFileType = text.xcconfig; name = "Pods-ZRPopoverView-ZRPopoverView(Demo).debug.xcconfig"; path = "Pods/Target Support Files/Pods-ZRPopoverView-ZRPopoverView(Demo)/Pods-ZRPopoverView-ZRPopoverView(Demo).debug.xcconfig"; sourceTree = "<group>"; };
		C01852C565692D62A191BA7F /* Pods-ZRPopoverView(Demo).debug.xcconfig */ = {isa = PBXFileReference; includeInIndex = 1; lastKnownFileType = text.xcconfig; name = "Pods-ZRPopoverView(Demo).debug.xcconfig"; path = "Pods/Target Support Files/Pods-ZRPopoverView(Demo)/Pods-ZRPopoverView(Demo).debug.xcconfig"; sourceTree = "<group>"; };
		ECBB3760ADB34DB38083B5DF /* Pods-ZRPopoverView-ZRPopoverView(Demo).release.xcconfig */ = {isa = PBXFileReference; includeInIndex = 1; lastKnownFileType = text.xcconfig; name = "Pods-ZRPopoverView-ZRPopoverView(Demo).release.xcconfig"; path = "Pods/Target Support Files/Pods-ZRPopoverView-ZRPopoverView(Demo)/Pods-ZRPopoverView-ZRPopoverView(Demo).release.xcconfig"; sourceTree = "<group>"; };
/* End PBXFileReference section */

/* Begin PBXFrameworksBuildPhase section */
		5768D5631DA3AD2100BC13B3 /* Frameworks */ = {
			isa = PBXFrameworksBuildPhase;
			buildActionMask = 2147483647;
			files = (
				EABE3979C79377620AE5D1A2 /* libPods-ZRPopoverView(Demo).a in Frameworks */,
				867C2601447975AEFF4C50A0 /* libPods-ZRPopoverView-ZRPopoverView(Demo).a in Frameworks */,
			);
			runOnlyForDeploymentPostprocessing = 0;
		};
		9032C73D1D86C90C0067A92D /* Frameworks */ = {
			isa = PBXFrameworksBuildPhase;
			buildActionMask = 2147483647;
			files = (
				83548F03462B7E1E156BB38B /* libPods-ZRPopoverView.a in Frameworks */,
			);
			runOnlyForDeploymentPostprocessing = 0;
		};
/* End PBXFrameworksBuildPhase section */

/* Begin PBXGroup section */
		5768D5671DA3AD2100BC13B3 /* ZRPopoverView(Demo) */ = {
			isa = PBXGroup;
			children = (
				5768D56B1DA3AD2100BC13B3 /* AppDelegate.h */,
				5768D56C1DA3AD2100BC13B3 /* AppDelegate.m */,
				5768D57D1DA3AF5500BC13B3 /* ZRDMViewController.h */,
				5768D57E1DA3AF5500BC13B3 /* ZRDMViewController.m */,
				5768D5711DA3AD2100BC13B3 /* Main.storyboard */,
				5768D5741DA3AD2100BC13B3 /* Assets.xcassets */,
				5768D5761DA3AD2200BC13B3 /* LaunchScreen.storyboard */,
				5768D5791DA3AD2200BC13B3 /* Info.plist */,
				5768D5681DA3AD2100BC13B3 /* Supporting Files */,
			);
			path = "ZRPopoverView(Demo)";
			sourceTree = "<group>";
		};
		5768D5681DA3AD2100BC13B3 /* Supporting Files */ = {
			isa = PBXGroup;
			children = (
				5768D5691DA3AD2100BC13B3 /* main.m */,
			);
			name = "Supporting Files";
			sourceTree = "<group>";
		};
		9032C7371D86C90C0067A92D = {
			isa = PBXGroup;
			children = (
				9032C7421D86C90C0067A92D /* ZRPopoverView */,
				5768D5671DA3AD2100BC13B3 /* ZRPopoverView(Demo) */,
				9032C7411D86C90C0067A92D /* Products */,
				D7EEFE26ED125F4F24369A67 /* Pods */,
				DA6F0338A666B917A43FE81A /* Frameworks */,
			);
			sourceTree = "<group>";
		};
		9032C7411D86C90C0067A92D /* Products */ = {
			isa = PBXGroup;
			children = (
				9032C7401D86C90C0067A92D /* ZRPopoverView.app */,
				5768D5661DA3AD2100BC13B3 /* ZRPopoverView(Demo).app */,
			);
			name = Products;
			sourceTree = "<group>";
		};
		9032C7421D86C90C0067A92D /* ZRPopoverView */ = {
			isa = PBXGroup;
			children = (
				9032C7461D86C90C0067A92D /* AppDelegate.h */,
				9032C7471D86C90C0067A92D /* AppDelegate.m */,
				9032C7491D86C90C0067A92D /* ViewController.h */,
				9032C74A1D86C90C0067A92D /* ViewController.m */,
				9032C75A1D86C9210067A92D /* ZRPopoverView.h */,
				9032C75B1D86C9210067A92D /* ZRPopoverView.m */,
				9032C74C1D86C90C0067A92D /* Main.storyboard */,
				9032C74F1D86C90D0067A92D /* Assets.xcassets */,
				9032C7511D86C90D0067A92D /* LaunchScreen.storyboard */,
				9032C7541D86C90D0067A92D /* Info.plist */,
				9032C7431D86C90C0067A92D /* Supporting Files */,
			);
			path = ZRPopoverView;
			sourceTree = "<group>";
		};
		9032C7431D86C90C0067A92D /* Supporting Files */ = {
			isa = PBXGroup;
			children = (
				9032C7441D86C90C0067A92D /* main.m */,
			);
			name = "Supporting Files";
			sourceTree = "<group>";
		};
		D7EEFE26ED125F4F24369A67 /* Pods */ = {
			isa = PBXGroup;
			children = (
				3BF1EB7A590B24141914FB44 /* Pods-ZRPopoverView.debug.xcconfig */,
				326DB6447EA11A0870D0D40A /* Pods-ZRPopoverView.release.xcconfig */,
				C01852C565692D62A191BA7F /* Pods-ZRPopoverView(Demo).debug.xcconfig */,
				03992C471AED499039EA80C1 /* Pods-ZRPopoverView(Demo).release.xcconfig */,
				BB9B6370B34266A01EE141A9 /* Pods-ZRPopoverView-ZRPopoverView(Demo).debug.xcconfig */,
				ECBB3760ADB34DB38083B5DF /* Pods-ZRPopoverView-ZRPopoverView(Demo).release.xcconfig */,
			);
			name = Pods;
			sourceTree = "<group>";
		};
		DA6F0338A666B917A43FE81A /* Frameworks */ = {
			isa = PBXGroup;
			children = (
				A18C8C7C0A6F2949AD6820C2 /* libPods-ZRPopoverView.a */,
				0F6CF67526640F322B5CA838 /* libPods-ZRPopoverView(Demo).a */,
				9F16623C264BC6B89F621637 /* libPods-ZRPopoverView-ZRPopoverView(Demo).a */,
			);
			name = Frameworks;
			sourceTree = "<group>";
		};
/* End PBXGroup section */

/* Begin PBXNativeTarget section */
		5768D5651DA3AD2100BC13B3 /* ZRPopoverView(Demo) */ = {
			isa = PBXNativeTarget;
			buildConfigurationList = 5768D57A1DA3AD2200BC13B3 /* Build configuration list for PBXNativeTarget "ZRPopoverView(Demo)" */;
			buildPhases = (
				E5DC530E8032558F2D9216B5 /* 📦 Check Pods Manifest.lock */,
				5768D5621DA3AD2100BC13B3 /* Sources */,
				5768D5631DA3AD2100BC13B3 /* Frameworks */,
				5768D5641DA3AD2100BC13B3 /* Resources */,
				3838E317183783ACBA735013 /* 📦 Embed Pods Frameworks */,
				E3BA2868B8836C64B0614F58 /* 📦 Copy Pods Resources */,
			);
			buildRules = (
			);
			dependencies = (
			);
			name = "ZRPopoverView(Demo)";
			productName = "ZRPopoverView(Demo)";
			productReference = 5768D5661DA3AD2100BC13B3 /* ZRPopoverView(Demo).app */;
			productType = "com.apple.product-type.application";
		};
		9032C73F1D86C90C0067A92D /* ZRPopoverView */ = {
			isa = PBXNativeTarget;
			buildConfigurationList = 9032C7571D86C90D0067A92D /* Build configuration list for PBXNativeTarget "ZRPopoverView" */;
			buildPhases = (
				BF909A4F3D8C9B5B8EB0100D /* 📦 Check Pods Manifest.lock */,
				0177969F24147775C5BD38B2 /* [CP] Check Pods Manifest.lock */,
				9032C73C1D86C90C0067A92D /* Sources */,
				9032C73D1D86C90C0067A92D /* Frameworks */,
				9032C73E1D86C90C0067A92D /* Resources */,
				FE5EE0438A4E2244F3BC2311 /* [CP] Embed Pods Frameworks */,
				A05682FF4C2E1EAF479946CA /* [CP] Copy Pods Resources */,
				DF737B15840DD7383D6C3282 /* 📦 Embed Pods Frameworks */,
				7190CC4833299AF1319122B3 /* 📦 Copy Pods Resources */,
			);
			buildRules = (
			);
			dependencies = (
			);
			name = ZRPopoverView;
			productName = ZRPopoverView;
			productReference = 9032C7401D86C90C0067A92D /* ZRPopoverView.app */;
			productType = "com.apple.product-type.application";
		};
/* End PBXNativeTarget section */

/* Begin PBXProject section */
		9032C7381D86C90C0067A92D /* Project object */ = {
			isa = PBXProject;
			attributes = {
				LastUpgradeCheck = 0730;
				ORGANIZATIONNAME = xiaoruigege;
				TargetAttributes = {
					5768D5651DA3AD2100BC13B3 = {
						CreatedOnToolsVersion = 8.0;
						DevelopmentTeam = B873AZ7BS6;
						ProvisioningStyle = Automatic;
					};
					9032C73F1D86C90C0067A92D = {
						CreatedOnToolsVersion = 7.3.1;
						DevelopmentTeam = B873AZ7BS6;
						ProvisioningStyle = Automatic;
					};
				};
			};
			buildConfigurationList = 9032C73B1D86C90C0067A92D /* Build configuration list for PBXProject "ZRPopoverView" */;
			compatibilityVersion = "Xcode 3.2";
			developmentRegion = English;
			hasScannedForEncodings = 0;
			knownRegions = (
				en,
				Base,
			);
			mainGroup = 9032C7371D86C90C0067A92D;
			productRefGroup = 9032C7411D86C90C0067A92D /* Products */;
			projectDirPath = "";
			projectRoot = "";
			targets = (
				9032C73F1D86C90C0067A92D /* ZRPopoverView */,
				5768D5651DA3AD2100BC13B3 /* ZRPopoverView(Demo) */,
			);
		};
/* End PBXProject section */

/* Begin PBXResourcesBuildPhase section */
		5768D5641DA3AD2100BC13B3 /* Resources */ = {
			isa = PBXResourcesBuildPhase;
			buildActionMask = 2147483647;
			files = (
				5768D5781DA3AD2200BC13B3 /* LaunchScreen.storyboard in Resources */,
				5768D5751DA3AD2100BC13B3 /* Assets.xcassets in Resources */,
				5768D5731DA3AD2100BC13B3 /* Main.storyboard in Resources */,
			);
			runOnlyForDeploymentPostprocessing = 0;
		};
		9032C73E1D86C90C0067A92D /* Resources */ = {
			isa = PBXResourcesBuildPhase;
			buildActionMask = 2147483647;
			files = (
				9032C7531D86C90D0067A92D /* LaunchScreen.storyboard in Resources */,
				9032C7501D86C90D0067A92D /* Assets.xcassets in Resources */,
				9032C74E1D86C90C0067A92D /* Main.storyboard in Resources */,
			);
			runOnlyForDeploymentPostprocessing = 0;
		};
/* End PBXResourcesBuildPhase section */

/* Begin PBXShellScriptBuildPhase section */
		0177969F24147775C5BD38B2 /* [CP] Check Pods Manifest.lock */ = {
			isa = PBXShellScriptBuildPhase;
			buildActionMask = 2147483647;
			files = (
			);
			inputPaths = (
			);
			name = "[CP] Check Pods Manifest.lock";
			outputPaths = (
			);
			runOnlyForDeploymentPostprocessing = 0;
			shellPath = /bin/sh;
			shellScript = "diff \"${PODS_ROOT}/../Podfile.lock\" \"${PODS_ROOT}/Manifest.lock\" > /dev/null\nif [[ $? != 0 ]] ; then\n    cat << EOM\nerror: The sandbox is not in sync with the Podfile.lock. Run 'pod install' or update your CocoaPods installation.\nEOM\n    exit 1\nfi\n";
			showEnvVarsInLog = 0;
		};
		3838E317183783ACBA735013 /* 📦 Embed Pods Frameworks */ = {
			isa = PBXShellScriptBuildPhase;
			buildActionMask = 2147483647;
			files = (
			);
			inputPaths = (
			);
			name = "📦 Embed Pods Frameworks";
			outputPaths = (
			);
			runOnlyForDeploymentPostprocessing = 0;
			shellPath = /bin/sh;
			shellScript = "\"${SRCROOT}/Pods/Target Support Files/Pods-ZRPopoverView(Demo)/Pods-ZRPopoverView(Demo)-frameworks.sh\"\n";
			showEnvVarsInLog = 0;
		};
		7190CC4833299AF1319122B3 /* 📦 Copy Pods Resources */ = {
			isa = PBXShellScriptBuildPhase;
			buildActionMask = 2147483647;
			files = (
			);
			inputPaths = (
			);
			name = "📦 Copy Pods Resources";
			outputPaths = (
			);
			runOnlyForDeploymentPostprocessing = 0;
			shellPath = /bin/sh;
			shellScript = "\"${SRCROOT}/Pods/Target Support Files/Pods-ZRPopoverView/Pods-ZRPopoverView-resources.sh\"\n";
			showEnvVarsInLog = 0;
		};
		A05682FF4C2E1EAF479946CA /* [CP] Copy Pods Resources */ = {
			isa = PBXShellScriptBuildPhase;
			buildActionMask = 2147483647;
			files = (
			);
			inputPaths = (
			);
			name = "[CP] Copy Pods Resources";
			outputPaths = (
			);
			runOnlyForDeploymentPostprocessing = 0;
			shellPath = /bin/sh;
			shellScript = "\"${SRCROOT}/Pods/Target Support Files/Pods-ZRPopoverView/Pods-ZRPopoverView-resources.sh\"\n";
			showEnvVarsInLog = 0;
		};
		BF909A4F3D8C9B5B8EB0100D /* 📦 Check Pods Manifest.lock */ = {
			isa = PBXShellScriptBuildPhase;
			buildActionMask = 2147483647;
			files = (
			);
			inputPaths = (
			);
			name = "📦 Check Pods Manifest.lock";
			outputPaths = (
			);
			runOnlyForDeploymentPostprocessing = 0;
			shellPath = /bin/sh;
			shellScript = "diff \"${PODS_ROOT}/../Podfile.lock\" \"${PODS_ROOT}/Manifest.lock\" > /dev/null\nif [[ $? != 0 ]] ; then\n    cat << EOM\nerror: The sandbox is not in sync with the Podfile.lock. Run 'pod install' or update your CocoaPods installation.\nEOM\n    exit 1\nfi\n";
			showEnvVarsInLog = 0;
		};
		DF737B15840DD7383D6C3282 /* 📦 Embed Pods Frameworks */ = {
			isa = PBXShellScriptBuildPhase;
			buildActionMask = 2147483647;
			files = (
			);
			inputPaths = (
			);
			name = "📦 Embed Pods Frameworks";
			outputPaths = (
			);
			runOnlyForDeploymentPostprocessing = 0;
			shellPath = /bin/sh;
			shellScript = "\"${SRCROOT}/Pods/Target Support Files/Pods-ZRPopoverView/Pods-ZRPopoverView-frameworks.sh\"\n";
			showEnvVarsInLog = 0;
		};
		E3BA2868B8836C64B0614F58 /* 📦 Copy Pods Resources */ = {
			isa = PBXShellScriptBuildPhase;
			buildActionMask = 2147483647;
			files = (
			);
			inputPaths = (
			);
			name = "📦 Copy Pods Resources";
			outputPaths = (
			);
			runOnlyForDeploymentPostprocessing = 0;
			shellPath = /bin/sh;
			shellScript = "\"${SRCROOT}/Pods/Target Support Files/Pods-ZRPopoverView(Demo)/Pods-ZRPopoverView(Demo)-resources.sh\"\n";
			showEnvVarsInLog = 0;
		};
		E5DC530E8032558F2D9216B5 /* 📦 Check Pods Manifest.lock */ = {
			isa = PBXShellScriptBuildPhase;
			buildActionMask = 2147483647;
			files = (
			);
			inputPaths = (
			);
			name = "📦 Check Pods Manifest.lock";
			outputPaths = (
			);
			runOnlyForDeploymentPostprocessing = 0;
			shellPath = /bin/sh;
			shellScript = "diff \"${PODS_ROOT}/../Podfile.lock\" \"${PODS_ROOT}/Manifest.lock\" > /dev/null\nif [[ $? != 0 ]] ; then\n    cat << EOM\nerror: The sandbox is not in sync with the Podfile.lock. Run 'pod install' or update your CocoaPods installation.\nEOM\n    exit 1\nfi\n";
			showEnvVarsInLog = 0;
		};
		FE5EE0438A4E2244F3BC2311 /* [CP] Embed Pods Frameworks */ = {
			isa = PBXShellScriptBuildPhase;
			buildActionMask = 2147483647;
			files = (
			);
			inputPaths = (
			);
			name = "[CP] Embed Pods Frameworks";
			outputPaths = (
			);
			runOnlyForDeploymentPostprocessing = 0;
			shellPath = /bin/sh;
			shellScript = "\"${SRCROOT}/Pods/Target Support Files/Pods-ZRPopoverView/Pods-ZRPopoverView-frameworks.sh\"\n";
			showEnvVarsInLog = 0;
		};
/* End PBXShellScriptBuildPhase section */

/* Begin PBXSourcesBuildPhase section */
		5768D5621DA3AD2100BC13B3 /* Sources */ = {
			isa = PBXSourcesBuildPhase;
			buildActionMask = 2147483647;
			files = (
				5768D56D1DA3AD2100BC13B3 /* AppDelegate.m in Sources */,
				5768D56A1DA3AD2100BC13B3 /* main.m in Sources */,
				5768D57F1DA3AF5500BC13B3 /* ZRDMViewController.m in Sources */,
			);
			runOnlyForDeploymentPostprocessing = 0;
		};
		9032C73C1D86C90C0067A92D /* Sources */ = {
			isa = PBXSourcesBuildPhase;
			buildActionMask = 2147483647;
			files = (
				9032C75C1D86C9210067A92D /* ZRPopoverView.m in Sources */,
				9032C74B1D86C90C0067A92D /* ViewController.m in Sources */,
				9032C7481D86C90C0067A92D /* AppDelegate.m in Sources */,
				9032C7451D86C90C0067A92D /* main.m in Sources */,
			);
			runOnlyForDeploymentPostprocessing = 0;
		};
/* End PBXSourcesBuildPhase section */

/* Begin PBXVariantGroup section */
		5768D5711DA3AD2100BC13B3 /* Main.storyboard */ = {
			isa = PBXVariantGroup;
			children = (
				5768D5721DA3AD2100BC13B3 /* Base */,
			);
			name = Main.storyboard;
			sourceTree = "<group>";
		};
		5768D5761DA3AD2200BC13B3 /* LaunchScreen.storyboard */ = {
			isa = PBXVariantGroup;
			children = (
				5768D5771DA3AD2200BC13B3 /* Base */,
			);
			name = LaunchScreen.storyboard;
			sourceTree = "<group>";
		};
		9032C74C1D86C90C0067A92D /* Main.storyboard */ = {
			isa = PBXVariantGroup;
			children = (
				9032C74D1D86C90C0067A92D /* Base */,
			);
			name = Main.storyboard;
			sourceTree = "<group>";
		};
		9032C7511D86C90D0067A92D /* LaunchScreen.storyboard */ = {
			isa = PBXVariantGroup;
			children = (
				9032C7521D86C90D0067A92D /* Base */,
			);
			name = LaunchScreen.storyboard;
			sourceTree = "<group>";
		};
/* End PBXVariantGroup section */

/* Begin XCBuildConfiguration section */
		5768D57B1DA3AD2200BC13B3 /* Debug */ = {
			isa = XCBuildConfiguration;
			baseConfigurationReference = C01852C565692D62A191BA7F /* Pods-ZRPopoverView(Demo).debug.xcconfig */;
			buildSettings = {
				ASSETCATALOG_COMPILER_APPICON_NAME = AppIcon;
				CLANG_WARN_DOCUMENTATION_COMMENTS = YES;
				CLANG_WARN_INFINITE_RECURSION = YES;
				CLANG_WARN_SUSPICIOUS_MOVES = YES;
				DEVELOPMENT_TEAM = B873AZ7BS6;
				INFOPLIST_FILE = "ZRPopoverView(Demo)/Info.plist";
				IPHONEOS_DEPLOYMENT_TARGET = 7.0;
				LD_RUNPATH_SEARCH_PATHS = "$(inherited) @executable_path/Frameworks";
				PRODUCT_BUNDLE_IDENTIFIER = "com.victor.ZRPopoverView-Demo-";
				PRODUCT_NAME = "$(TARGET_NAME)";
			};
			name = Debug;
		};
		5768D57C1DA3AD2200BC13B3 /* Release */ = {
			isa = XCBuildConfiguration;
			baseConfigurationReference = 03992C471AED499039EA80C1 /* Pods-ZRPopoverView(Demo).release.xcconfig */;
			buildSettings = {
				ASSETCATALOG_COMPILER_APPICON_NAME = AppIcon;
				CLANG_WARN_DOCUMENTATION_COMMENTS = YES;
				CLANG_WARN_INFINITE_RECURSION = YES;
				CLANG_WARN_SUSPICIOUS_MOVES = YES;
				DEVELOPMENT_TEAM = B873AZ7BS6;
				INFOPLIST_FILE = "ZRPopoverView(Demo)/Info.plist";
				IPHONEOS_DEPLOYMENT_TARGET = 7.0;
				LD_RUNPATH_SEARCH_PATHS = "$(inherited) @executable_path/Frameworks";
				PRODUCT_BUNDLE_IDENTIFIER = "com.victor.ZRPopoverView-Demo-";
				PRODUCT_NAME = "$(TARGET_NAME)";
			};
			name = Release;
		};
		9032C7551D86C90D0067A92D /* Debug */ = {
			isa = XCBuildConfiguration;
			buildSettings = {
				ALWAYS_SEARCH_USER_PATHS = NO;
				CLANG_ANALYZER_NONNULL = YES;
				CLANG_CXX_LANGUAGE_STANDARD = "gnu++0x";
				CLANG_CXX_LIBRARY = "libc++";
				CLANG_ENABLE_MODULES = YES;
				CLANG_ENABLE_OBJC_ARC = YES;
				CLANG_WARN_BOOL_CONVERSION = YES;
				CLANG_WARN_CONSTANT_CONVERSION = YES;
				CLANG_WARN_DIRECT_OBJC_ISA_USAGE = YES_ERROR;
				CLANG_WARN_EMPTY_BODY = YES;
				CLANG_WARN_ENUM_CONVERSION = YES;
				CLANG_WARN_INT_CONVERSION = YES;
				CLANG_WARN_OBJC_ROOT_CLASS = YES_ERROR;
				CLANG_WARN_UNREACHABLE_CODE = YES;
				CLANG_WARN__DUPLICATE_METHOD_MATCH = YES;
				"CODE_SIGN_IDENTITY[sdk=iphoneos*]" = "iPhone Developer";
				COPY_PHASE_STRIP = NO;
				DEBUG_INFORMATION_FORMAT = dwarf;
				ENABLE_STRICT_OBJC_MSGSEND = YES;
				ENABLE_TESTABILITY = YES;
				GCC_C_LANGUAGE_STANDARD = gnu99;
				GCC_DYNAMIC_NO_PIC = NO;
				GCC_NO_COMMON_BLOCKS = YES;
				GCC_OPTIMIZATION_LEVEL = 0;
				GCC_PREPROCESSOR_DEFINITIONS = (
					"DEBUG=1",
					"$(inherited)",
				);
				GCC_WARN_64_TO_32_BIT_CONVERSION = YES;
				GCC_WARN_ABOUT_RETURN_TYPE = YES_ERROR;
				GCC_WARN_UNDECLARED_SELECTOR = YES;
				GCC_WARN_UNINITIALIZED_AUTOS = YES_AGGRESSIVE;
				GCC_WARN_UNUSED_FUNCTION = YES;
				GCC_WARN_UNUSED_VARIABLE = YES;
				IPHONEOS_DEPLOYMENT_TARGET = 9.3;
				MTL_ENABLE_DEBUG_INFO = YES;
				ONLY_ACTIVE_ARCH = YES;
				SDKROOT = iphoneos;
			};
			name = Debug;
		};
		9032C7561D86C90D0067A92D /* Release */ = {
			isa = XCBuildConfiguration;
			buildSettings = {
				ALWAYS_SEARCH_USER_PATHS = NO;
				CLANG_ANALYZER_NONNULL = YES;
				CLANG_CXX_LANGUAGE_STANDARD = "gnu++0x";
				CLANG_CXX_LIBRARY = "libc++";
				CLANG_ENABLE_MODULES = YES;
				CLANG_ENABLE_OBJC_ARC = YES;
				CLANG_WARN_BOOL_CONVERSION = YES;
				CLANG_WARN_CONSTANT_CONVERSION = YES;
				CLANG_WARN_DIRECT_OBJC_ISA_USAGE = YES_ERROR;
				CLANG_WARN_EMPTY_BODY = YES;
				CLANG_WARN_ENUM_CONVERSION = YES;
				CLANG_WARN_INT_CONVERSION = YES;
				CLANG_WARN_OBJC_ROOT_CLASS = YES_ERROR;
				CLANG_WARN_UNREACHABLE_CODE = YES;
				CLANG_WARN__DUPLICATE_METHOD_MATCH = YES;
				"CODE_SIGN_IDENTITY[sdk=iphoneos*]" = "iPhone Developer";
				COPY_PHASE_STRIP = NO;
				DEBUG_INFORMATION_FORMAT = "dwarf-with-dsym";
				ENABLE_NS_ASSERTIONS = NO;
				ENABLE_STRICT_OBJC_MSGSEND = YES;
				GCC_C_LANGUAGE_STANDARD = gnu99;
				GCC_NO_COMMON_BLOCKS = YES;
				GCC_WARN_64_TO_32_BIT_CONVERSION = YES;
				GCC_WARN_ABOUT_RETURN_TYPE = YES_ERROR;
				GCC_WARN_UNDECLARED_SELECTOR = YES;
				GCC_WARN_UNINITIALIZED_AUTOS = YES_AGGRESSIVE;
				GCC_WARN_UNUSED_FUNCTION = YES;
				GCC_WARN_UNUSED_VARIABLE = YES;
				IPHONEOS_DEPLOYMENT_TARGET = 9.3;
				MTL_ENABLE_DEBUG_INFO = NO;
				SDKROOT = iphoneos;
				VALIDATE_PRODUCT = YES;
			};
			name = Release;
		};
		9032C7581D86C90D0067A92D /* Debug */ = {
			isa = XCBuildConfiguration;
			baseConfigurationReference = 3BF1EB7A590B24141914FB44 /* Pods-ZRPopoverView.debug.xcconfig */;
			buildSettings = {
				ASSETCATALOG_COMPILER_APPICON_NAME = AppIcon;
				"CODE_SIGN_IDENTITY[sdk=iphoneos*]" = "iPhone Developer";
				DEVELOPMENT_TEAM = B873AZ7BS6;
				INFOPLIST_FILE = ZRPopoverView/Info.plist;
				IPHONEOS_DEPLOYMENT_TARGET = 7.0;
				LD_RUNPATH_SEARCH_PATHS = "$(inherited) @executable_path/Frameworks";
				OTHER_LDFLAGS = (
					"$(inherited)",
					"-ObjC",
				);
				PRODUCT_BUNDLE_IDENTIFIER = com.xiaoruigege.ZRPopoverView;
				PRODUCT_NAME = "$(TARGET_NAME)";
			};
			name = Debug;
		};
		9032C7591D86C90D0067A92D /* Release */ = {
			isa = XCBuildConfiguration;
			baseConfigurationReference = 326DB6447EA11A0870D0D40A /* Pods-ZRPopoverView.release.xcconfig */;
			buildSettings = {
				ASSETCATALOG_COMPILER_APPICON_NAME = AppIcon;
				"CODE_SIGN_IDENTITY[sdk=iphoneos*]" = "iPhone Developer";
				DEVELOPMENT_TEAM = B873AZ7BS6;
				INFOPLIST_FILE = ZRPopoverView/Info.plist;
				IPHONEOS_DEPLOYMENT_TARGET = 7.0;
				LD_RUNPATH_SEARCH_PATHS = "$(inherited) @executable_path/Frameworks";
				OTHER_LDFLAGS = (
					"$(inherited)",
					"-ObjC",
				);
				PRODUCT_BUNDLE_IDENTIFIER = com.xiaoruigege.ZRPopoverView;
				PRODUCT_NAME = "$(TARGET_NAME)";
			};
			name = Release;
		};
/* End XCBuildConfiguration section */

/* Begin XCConfigurationList section */
		5768D57A1DA3AD2200BC13B3 /* Build configuration list for PBXNativeTarget "ZRPopoverView(Demo)" */ = {
			isa = XCConfigurationList;
			buildConfigurations = (
				5768D57B1DA3AD2200BC13B3 /* Debug */,
				5768D57C1DA3AD2200BC13B3 /* Release */,
			);
			defaultConfigurationIsVisible = 0;
			defaultConfigurationName = Release;
		};
		9032C73B1D86C90C0067A92D /* Build configuration list for PBXProject "ZRPopoverView" */ = {
			isa = XCConfigurationList;
			buildConfigurations = (
				9032C7551D86C90D0067A92D /* Debug */,
				9032C7561D86C90D0067A92D /* Release */,
			);
			defaultConfigurationIsVisible = 0;
			defaultConfigurationName = Release;
		};
		9032C7571D86C90D0067A92D /* Build configuration list for PBXNativeTarget "ZRPopoverView" */ = {
			isa = XCConfigurationList;
			buildConfigurations = (
				9032C7581D86C90D0067A92D /* Debug */,
				9032C7591D86C90D0067A92D /* Release */,
			);
			defaultConfigurationIsVisible = 0;
			defaultConfigurationName = Release;
		};
/* End XCConfigurationList section */
	};
	rootObject = 9032C7381D86C90C0067A92D /* Project object */;
}
